
Microsoft Visual Studio Solution File, Format Version 12.00
# Visual Studio Version 17
VisualStudioVersion = 17.5.33516.290
MinimumVisualStudioVersion = 10.0.40219.1
Project("{FAE04EC0-301F-11D3-BF4B-00C04F79EFBC}") = "FinalExam_Bilet7", "FinalExam_Bilet7.csproj", "{7EDB1495-D6C5-417B-973C-96DBBE20BD0C}"
EndProject
Global
	GlobalSection(SolutionConfigurationPlatforms) = preSolution
		Debug|Any CPU = Debug|Any CPU
		Release|Any CPU = Release|Any CPU
	EndGlobalSection
	GlobalSection(ProjectConfigurationPlatforms) = postSolution
		{7EDB1495-D6C5-417B-973C-96DBBE20BD0C}.Debug|Any CPU.ActiveCfg = Debug|Any CPU
		{7EDB1495-D6C5-417B-973C-96DBBE20BD0C}.Debug|Any CPU.Build.0 = Debug|Any CPU
		{7EDB1495-D6C5-417B-973C-96DBBE20BD0C}.Release|Any CPU.ActiveCfg = Release|Any CPU
		{7EDB1495-D6C5-417B-973C-96DBBE20BD0C}.Release|Any CPU.Build.0 = Release|Any CPU
	EndGlobalSection
	GlobalSection(SolutionProperties) = preSolution
		HideSolutionNode = FALSE
	EndGlobalSection
	GlobalSection(ExtensibilityGlobals) = postSolution
		SolutionGuid = {F8841FB3-7CEC-41D0-ACE2-9D2541A37753}
	EndGlobalSection
EndGlobal
